// !$*UTF8*$!
{
	archiveVersion = 1;
	classes = {
	};
	objectVersion = 51;
	objects = {

/* Begin PBXBuildFile section */
		052B537427B8FBF8004BEADE /* PersonAddVC.swift in Sources */ = {isa = PBXBuildFile; fileRef = 052B537327B8FBF8004BEADE /* PersonAddVC.swift */; };
		052B537E27B8FC1F004BEADE /* PersonDatailVC.swift in Sources */ = {isa = PBXBuildFile; fileRef = 052B537D27B8FC1F004BEADE /* PersonDatailVC.swift */; };
		053A0A0627A03D270035CB7E /* GroupAddVC.swift in Sources */ = {isa = PBXBuildFile; fileRef = 053A0A0527A03D270035CB7E /* GroupAddVC.swift */; };
		053A0A0B27A03D420035CB7E /* GroupDetailVC.swift in Sources */ = {isa = PBXBuildFile; fileRef = 053A0A0A27A03D420035CB7E /* GroupDetailVC.swift */; };
		053A0A1327A0476D0035CB7E /* GroupMainVC.swift in Sources */ = {isa = PBXBuildFile; fileRef = 053A0A1227A0476D0035CB7E /* GroupMainVC.swift */; };
		053D68DD2799ACDA004F2EE0 /* registVC.swift in Sources */ = {isa = PBXBuildFile; fileRef = 053D68DC2799ACDA004F2EE0 /* registVC.swift */; };
		057E751327C54E8100ABD15A /* PersonTableViewCell.swift in Sources */ = {isa = PBXBuildFile; fileRef = 057E751227C54E8100ABD15A /* PersonTableViewCell.swift */; };
		058622F327B94A05000DFD2E /* GroupCellTableViewCell.swift in Sources */ = {isa = PBXBuildFile; fileRef = 058622F227B94A05000DFD2E /* GroupCellTableViewCell.swift */; };
		059353CF2795E95F0021FFF6 /* AppDelegate.swift in Sources */ = {isa = PBXBuildFile; fileRef = 059353CE2795E95F0021FFF6 /* AppDelegate.swift */; };
		059353D12795E95F0021FFF6 /* SceneDelegate.swift in Sources */ = {isa = PBXBuildFile; fileRef = 059353D02795E95F0021FFF6 /* SceneDelegate.swift */; };
		059353D32795E95F0021FFF6 /* ViewController.swift in Sources */ = {isa = PBXBuildFile; fileRef = 059353D22795E95F0021FFF6 /* ViewController.swift */; };
		059353D62795E95F0021FFF6 /* Main.storyboard in Resources */ = {isa = PBXBuildFile; fileRef = 059353D42795E95F0021FFF6 /* Main.storyboard */; };
		059353D82795E9680021FFF6 /* Assets.xcassets in Resources */ = {isa = PBXBuildFile; fileRef = 059353D72795E9680021FFF6 /* Assets.xcassets */; };
		059353DB2795E9680021FFF6 /* LaunchScreen.storyboard in Resources */ = {isa = PBXBuildFile; fileRef = 059353D92795E9680021FFF6 /* LaunchScreen.storyboard */; };
		059353E62795E9680021FFF6 /* DutchMoneyTests.swift in Sources */ = {isa = PBXBuildFile; fileRef = 059353E52795E9680021FFF6 /* DutchMoneyTests.swift */; };
		059353F12795E9680021FFF6 /* DutchMoneyUITests.swift in Sources */ = {isa = PBXBuildFile; fileRef = 059353F02795E9680021FFF6 /* DutchMoneyUITests.swift */; };
		05A9E16F27BD729A00A27865 /* GoogleService-Info.plist in Resources */ = {isa = PBXBuildFile; fileRef = 05A9E16E27BD729A00A27865 /* GoogleService-Info.plist */; };
		05BBB26627B4419800C809DE /* libsqlite3.tbd in Frameworks */ = {isa = PBXBuildFile; fileRef = 05BBB26527B4419800C809DE /* libsqlite3.tbd */; };
		05BBB27627B4422B00C809DE /* FMDatabaseQueue.m in Sources */ = {isa = PBXBuildFile; fileRef = 05BBB26D27B4422A00C809DE /* FMDatabaseQueue.m */; };
		05BBB27727B4422B00C809DE /* FMDatabaseAdditions.m in Sources */ = {isa = PBXBuildFile; fileRef = 05BBB26F27B4422A00C809DE /* FMDatabaseAdditions.m */; };
		05BBB27827B4422B00C809DE /* FMDatabase.m in Sources */ = {isa = PBXBuildFile; fileRef = 05BBB27127B4422A00C809DE /* FMDatabase.m */; };
		05BBB27927B4422B00C809DE /* FMDatabasePool.m in Sources */ = {isa = PBXBuildFile; fileRef = 05BBB27227B4422A00C809DE /* FMDatabasePool.m */; };
		05BBB27A27B4422B00C809DE /* FMResultSet.m in Sources */ = {isa = PBXBuildFile; fileRef = 05BBB27527B4422B00C809DE /* FMResultSet.m */; };
		138814FF8E8C9E9523D81ED0 /* Pods_DutchMoney.framework in Frameworks */ = {isa = PBXBuildFile; fileRef = 305D7D3228F789487E85531B /* Pods_DutchMoney.framework */; };
		29358DCE1C92A6DB8CA1F6BF /* Pods_DutchMoney_DutchMoneyUITests.framework in Frameworks */ = {isa = PBXBuildFile; fileRef = 472471437ECFEEA03D3A3B60 /* Pods_DutchMoney_DutchMoneyUITests.framework */; };
		97B1DF3021A7AB8F2F7F5BD5 /* Pods_DutchMoneyTests.framework in Frameworks */ = {isa = PBXBuildFile; fileRef = 5B6524BFB95B4DEB3E18CF16 /* Pods_DutchMoneyTests.framework */; };
/* End PBXBuildFile section */

/* Begin PBXContainerItemProxy section */
		059353E22795E9680021FFF6 /* PBXContainerItemProxy */ = {
			isa = PBXContainerItemProxy;
			containerPortal = 059353C32795E95E0021FFF6 /* Project object */;
			proxyType = 1;
			remoteGlobalIDString = 059353CA2795E95F0021FFF6;
			remoteInfo = DutchMoney;
		};
		059353ED2795E9680021FFF6 /* PBXContainerItemProxy */ = {
			isa = PBXContainerItemProxy;
			containerPortal = 059353C32795E95E0021FFF6 /* Project object */;
			proxyType = 1;
			remoteGlobalIDString = 059353CA2795E95F0021FFF6;
			remoteInfo = DutchMoney;
		};
/* End PBXContainerItemProxy section */

/* Begin PBXFileReference section */
		052B537327B8FBF8004BEADE /* PersonAddVC.swift */ = {isa = PBXFileReference; lastKnownFileType = sourcecode.swift; path = PersonAddVC.swift; sourceTree = "<group>"; };
		052B537D27B8FC1F004BEADE /* PersonDatailVC.swift */ = {isa = PBXFileReference; lastKnownFileType = sourcecode.swift; path = PersonDatailVC.swift; sourceTree = "<group>"; };
		053A0A0527A03D270035CB7E /* GroupAddVC.swift */ = {isa = PBXFileReference; lastKnownFileType = sourcecode.swift; path = GroupAddVC.swift; sourceTree = "<group>"; };
		053A0A0A27A03D420035CB7E /* GroupDetailVC.swift */ = {isa = PBXFileReference; lastKnownFileType = sourcecode.swift; path = GroupDetailVC.swift; sourceTree = "<group>"; };
		053A0A1227A0476D0035CB7E /* GroupMainVC.swift */ = {isa = PBXFileReference; lastKnownFileType = sourcecode.swift; path = GroupMainVC.swift; sourceTree = "<group>"; };
		053D68DC2799ACDA004F2EE0 /* registVC.swift */ = {isa = PBXFileReference; lastKnownFileType = sourcecode.swift; path = registVC.swift; sourceTree = "<group>"; };
		057E751227C54E8100ABD15A /* PersonTableViewCell.swift */ = {isa = PBXFileReference; lastKnownFileType = sourcecode.swift; path = PersonTableViewCell.swift; sourceTree = "<group>"; };
		058622F227B94A05000DFD2E /* GroupCellTableViewCell.swift */ = {isa = PBXFileReference; lastKnownFileType = sourcecode.swift; path = GroupCellTableViewCell.swift; sourceTree = "<group>"; };
		059353CB2795E95F0021FFF6 /* DutchMoney.app */ = {isa = PBXFileReference; explicitFileType = wrapper.application; includeInIndex = 0; path = DutchMoney.app; sourceTree = BUILT_PRODUCTS_DIR; };
		059353CE2795E95F0021FFF6 /* AppDelegate.swift */ = {isa = PBXFileReference; lastKnownFileType = sourcecode.swift; path = AppDelegate.swift; sourceTree = "<group>"; };
		059353D02795E95F0021FFF6 /* SceneDelegate.swift */ = {isa = PBXFileReference; lastKnownFileType = sourcecode.swift; path = SceneDelegate.swift; sourceTree = "<group>"; };
		059353D22795E95F0021FFF6 /* ViewController.swift */ = {isa = PBXFileReference; lastKnownFileType = sourcecode.swift; path = ViewController.swift; sourceTree = "<group>"; };
		059353D52795E95F0021FFF6 /* Base */ = {isa = PBXFileReference; lastKnownFileType = file.storyboard; name = Base; path = Base.lproj/Main.storyboard; sourceTree = "<group>"; };
		059353D72795E9680021FFF6 /* Assets.xcassets */ = {isa = PBXFileReference; lastKnownFileType = folder.assetcatalog; path = Assets.xcassets; sourceTree = "<group>"; };
		059353DA2795E9680021FFF6 /* Base */ = {isa = PBXFileReference; lastKnownFileType = file.storyboard; name = Base; path = Base.lproj/LaunchScreen.storyboard; sourceTree = "<group>"; };
		059353DC2795E9680021FFF6 /* Info.plist */ = {isa = PBXFileReference; lastKnownFileType = text.plist.xml; path = Info.plist; sourceTree = "<group>"; };
		059353E12795E9680021FFF6 /* DutchMoneyTests.xctest */ = {isa = PBXFileReference; explicitFileType = wrapper.cfbundle; includeInIndex = 0; path = DutchMoneyTests.xctest; sourceTree = BUILT_PRODUCTS_DIR; };
		059353E52795E9680021FFF6 /* DutchMoneyTests.swift */ = {isa = PBXFileReference; lastKnownFileType = sourcecode.swift; path = DutchMoneyTests.swift; sourceTree = "<group>"; };
		059353E72795E9680021FFF6 /* Info.plist */ = {isa = PBXFileReference; lastKnownFileType = text.plist.xml; path = Info.plist; sourceTree = "<group>"; };
		059353EC2795E9680021FFF6 /* DutchMoneyUITests.xctest */ = {isa = PBXFileReference; explicitFileType = wrapper.cfbundle; includeInIndex = 0; path = DutchMoneyUITests.xctest; sourceTree = BUILT_PRODUCTS_DIR; };
		059353F02795E9680021FFF6 /* DutchMoneyUITests.swift */ = {isa = PBXFileReference; lastKnownFileType = sourcecode.swift; path = DutchMoneyUITests.swift; sourceTree = "<group>"; };
		059353F22795E9680021FFF6 /* Info.plist */ = {isa = PBXFileReference; lastKnownFileType = text.plist.xml; path = Info.plist; sourceTree = "<group>"; };
		05A9E16E27BD729A00A27865 /* GoogleService-Info.plist */ = {isa = PBXFileReference; fileEncoding = 4; lastKnownFileType = text.plist.xml; path = "GoogleService-Info.plist"; sourceTree = "<group>"; };
		05BBB26527B4419800C809DE /* libsqlite3.tbd */ = {isa = PBXFileReference; lastKnownFileType = "sourcecode.text-based-dylib-definition"; name = libsqlite3.tbd; path = usr/lib/libsqlite3.tbd; sourceTree = SDKROOT; };
		05BBB26A27B4422900C809DE /* DutchMoney-Bridging-Header.h */ = {isa = PBXFileReference; lastKnownFileType = sourcecode.c.h; path = "DutchMoney-Bridging-Header.h"; sourceTree = "<group>"; };
		05BBB26B27B4422A00C809DE /* FMDatabasePool.h */ = {isa = PBXFileReference; fileEncoding = 4; lastKnownFileType = sourcecode.c.h; name = FMDatabasePool.h; path = "../../../Downloads/fmdb-2.7.7/src/fmdb/FMDatabasePool.h"; sourceTree = "<group>"; };
		05BBB26C27B4422A00C809DE /* FMDatabaseQueue.h */ = {isa = PBXFileReference; fileEncoding = 4; lastKnownFileType = sourcecode.c.h; name = FMDatabaseQueue.h; path = "../../../Downloads/fmdb-2.7.7/src/fmdb/FMDatabaseQueue.h"; sourceTree = "<group>"; };
		05BBB26D27B4422A00C809DE /* FMDatabaseQueue.m */ = {isa = PBXFileReference; fileEncoding = 4; lastKnownFileType = sourcecode.c.objc; name = FMDatabaseQueue.m; path = "../../../Downloads/fmdb-2.7.7/src/fmdb/FMDatabaseQueue.m"; sourceTree = "<group>"; };
		05BBB26E27B4422A00C809DE /* FMDatabase.h */ = {isa = PBXFileReference; fileEncoding = 4; lastKnownFileType = sourcecode.c.h; name = FMDatabase.h; path = "../../../Downloads/fmdb-2.7.7/src/fmdb/FMDatabase.h"; sourceTree = "<group>"; };
		05BBB26F27B4422A00C809DE /* FMDatabaseAdditions.m */ = {isa = PBXFileReference; fileEncoding = 4; lastKnownFileType = sourcecode.c.objc; name = FMDatabaseAdditions.m; path = "../../../Downloads/fmdb-2.7.7/src/fmdb/FMDatabaseAdditions.m"; sourceTree = "<group>"; };
		05BBB27027B4422A00C809DE /* FMDB.h */ = {isa = PBXFileReference; fileEncoding = 4; lastKnownFileType = sourcecode.c.h; name = FMDB.h; path = "../../../Downloads/fmdb-2.7.7/src/fmdb/FMDB.h"; sourceTree = "<group>"; };
		05BBB27127B4422A00C809DE /* FMDatabase.m */ = {isa = PBXFileReference; fileEncoding = 4; lastKnownFileType = sourcecode.c.objc; name = FMDatabase.m; path = "../../../Downloads/fmdb-2.7.7/src/fmdb/FMDatabase.m"; sourceTree = "<group>"; };
		05BBB27227B4422A00C809DE /* FMDatabasePool.m */ = {isa = PBXFileReference; fileEncoding = 4; lastKnownFileType = sourcecode.c.objc; name = FMDatabasePool.m; path = "../../../Downloads/fmdb-2.7.7/src/fmdb/FMDatabasePool.m"; sourceTree = "<group>"; };
		05BBB27327B4422B00C809DE /* FMDatabaseAdditions.h */ = {isa = PBXFileReference; fileEncoding = 4; lastKnownFileType = sourcecode.c.h; name = FMDatabaseAdditions.h; path = "../../../Downloads/fmdb-2.7.7/src/fmdb/FMDatabaseAdditions.h"; sourceTree = "<group>"; };
		05BBB27427B4422B00C809DE /* FMResultSet.h */ = {isa = PBXFileReference; fileEncoding = 4; lastKnownFileType = sourcecode.c.h; name = FMResultSet.h; path = "../../../Downloads/fmdb-2.7.7/src/fmdb/FMResultSet.h"; sourceTree = "<group>"; };
		05BBB27527B4422B00C809DE /* FMResultSet.m */ = {isa = PBXFileReference; fileEncoding = 4; lastKnownFileType = sourcecode.c.objc; name = FMResultSet.m; path = "../../../Downloads/fmdb-2.7.7/src/fmdb/FMResultSet.m"; sourceTree = "<group>"; };
		07BF1E37B1478B32BA95D659 /* Pods-DutchMoney.debug.xcconfig */ = {isa = PBXFileReference; includeInIndex = 1; lastKnownFileType = text.xcconfig; name = "Pods-DutchMoney.debug.xcconfig"; path = "Target Support Files/Pods-DutchMoney/Pods-DutchMoney.debug.xcconfig"; sourceTree = "<group>"; };
		305D7D3228F789487E85531B /* Pods_DutchMoney.framework */ = {isa = PBXFileReference; explicitFileType = wrapper.framework; includeInIndex = 0; path = Pods_DutchMoney.framework; sourceTree = BUILT_PRODUCTS_DIR; };
		39D3A647C10EB9838C59A6BE /* Pods-DutchMoneyTests.release.xcconfig */ = {isa = PBXFileReference; includeInIndex = 1; lastKnownFileType = text.xcconfig; name = "Pods-DutchMoneyTests.release.xcconfig"; path = "Target Support Files/Pods-DutchMoneyTests/Pods-DutchMoneyTests.release.xcconfig"; sourceTree = "<group>"; };
		472471437ECFEEA03D3A3B60 /* Pods_DutchMoney_DutchMoneyUITests.framework */ = {isa = PBXFileReference; explicitFileType = wrapper.framework; includeInIndex = 0; path = Pods_DutchMoney_DutchMoneyUITests.framework; sourceTree = BUILT_PRODUCTS_DIR; };
		5B6524BFB95B4DEB3E18CF16 /* Pods_DutchMoneyTests.framework */ = {isa = PBXFileReference; explicitFileType = wrapper.framework; includeInIndex = 0; path = Pods_DutchMoneyTests.framework; sourceTree = BUILT_PRODUCTS_DIR; };
		AA296528E2145A86BE8309A8 /* Pods-DutchMoney-DutchMoneyUITests.release.xcconfig */ = {isa = PBXFileReference; includeInIndex = 1; lastKnownFileType = text.xcconfig; name = "Pods-DutchMoney-DutchMoneyUITests.release.xcconfig"; path = "Target Support Files/Pods-DutchMoney-DutchMoneyUITests/Pods-DutchMoney-DutchMoneyUITests.release.xcconfig"; sourceTree = "<group>"; };
		B6EA00044E46C6D577A634CE /* Pods-DutchMoney-DutchMoneyUITests.debug.xcconfig */ = {isa = PBXFileReference; includeInIndex = 1; lastKnownFileType = text.xcconfig; name = "Pods-DutchMoney-DutchMoneyUITests.debug.xcconfig"; path = "Target Support Files/Pods-DutchMoney-DutchMoneyUITests/Pods-DutchMoney-DutchMoneyUITests.debug.xcconfig"; sourceTree = "<group>"; };
		EEC14224ABE7464DAFD8951F /* Pods-DutchMoneyTests.debug.xcconfig */ = {isa = PBXFileReference; includeInIndex = 1; lastKnownFileType = text.xcconfig; name = "Pods-DutchMoneyTests.debug.xcconfig"; path = "Target Support Files/Pods-DutchMoneyTests/Pods-DutchMoneyTests.debug.xcconfig"; sourceTree = "<group>"; };
		FC60FE7BFB5A0D46DA9A5E34 /* Pods-DutchMoney.release.xcconfig */ = {isa = PBXFileReference; includeInIndex = 1; lastKnownFileType = text.xcconfig; name = "Pods-DutchMoney.release.xcconfig"; path = "Target Support Files/Pods-DutchMoney/Pods-DutchMoney.release.xcconfig"; sourceTree = "<group>"; };
/* End PBXFileReference section */

/* Begin PBXFrameworksBuildPhase section */
		059353C82795E95F0021FFF6 /* Frameworks */ = {
			isa = PBXFrameworksBuildPhase;
			buildActionMask = 2147483647;
			files = (
				05BBB26627B4419800C809DE /* libsqlite3.tbd in Frameworks */,
				138814FF8E8C9E9523D81ED0 /* Pods_DutchMoney.framework in Frameworks */,
			);
			runOnlyForDeploymentPostprocessing = 0;
		};
		059353DE2795E9680021FFF6 /* Frameworks */ = {
			isa = PBXFrameworksBuildPhase;
			buildActionMask = 2147483647;
			files = (
				97B1DF3021A7AB8F2F7F5BD5 /* Pods_DutchMoneyTests.framework in Frameworks */,
			);
			runOnlyForDeploymentPostprocessing = 0;
		};
		059353E92795E9680021FFF6 /* Frameworks */ = {
			isa = PBXFrameworksBuildPhase;
			buildActionMask = 2147483647;
			files = (
				29358DCE1C92A6DB8CA1F6BF /* Pods_DutchMoney_DutchMoneyUITests.framework in Frameworks */,
			);
			runOnlyForDeploymentPostprocessing = 0;
		};
/* End PBXFrameworksBuildPhase section */

/* Begin PBXGroup section */
		059353C22795E95E0021FFF6 = {
			isa = PBXGroup;
			children = (
				05BBB26E27B4422A00C809DE /* FMDatabase.h */,
				05BBB27127B4422A00C809DE /* FMDatabase.m */,
				05BBB27327B4422B00C809DE /* FMDatabaseAdditions.h */,
				05BBB26F27B4422A00C809DE /* FMDatabaseAdditions.m */,
				05BBB26B27B4422A00C809DE /* FMDatabasePool.h */,
				05BBB27227B4422A00C809DE /* FMDatabasePool.m */,
				05BBB26C27B4422A00C809DE /* FMDatabaseQueue.h */,
				05BBB26D27B4422A00C809DE /* FMDatabaseQueue.m */,
				05BBB27027B4422A00C809DE /* FMDB.h */,
				05BBB27427B4422B00C809DE /* FMResultSet.h */,
				05BBB27527B4422B00C809DE /* FMResultSet.m */,
				059353CD2795E95F0021FFF6 /* DutchMoney */,
				059353E42795E9680021FFF6 /* DutchMoneyTests */,
				059353EF2795E9680021FFF6 /* DutchMoneyUITests */,
				059353CC2795E95F0021FFF6 /* Products */,
				506747A0D54DB7C5500C79E4 /* Frameworks */,
				05BBB26A27B4422900C809DE /* DutchMoney-Bridging-Header.h */,
				DC924A8D3E0F347F5321471F /* Pods */,
			);
			sourceTree = "<group>";
		};
		059353CC2795E95F0021FFF6 /* Products */ = {
			isa = PBXGroup;
			children = (
				059353CB2795E95F0021FFF6 /* DutchMoney.app */,
				059353E12795E9680021FFF6 /* DutchMoneyTests.xctest */,
				059353EC2795E9680021FFF6 /* DutchMoneyUITests.xctest */,
			);
			name = Products;
			sourceTree = "<group>";
		};
		059353CD2795E95F0021FFF6 /* DutchMoney */ = {
			isa = PBXGroup;
			children = (
				05A9E16E27BD729A00A27865 /* GoogleService-Info.plist */,
				059353CE2795E95F0021FFF6 /* AppDelegate.swift */,
				059353D02795E95F0021FFF6 /* SceneDelegate.swift */,
				059353D22795E95F0021FFF6 /* ViewController.swift */,
				059353D42795E95F0021FFF6 /* Main.storyboard */,
				059353D72795E9680021FFF6 /* Assets.xcassets */,
				059353D92795E9680021FFF6 /* LaunchScreen.storyboard */,
				059353DC2795E9680021FFF6 /* Info.plist */,
				053D68DC2799ACDA004F2EE0 /* registVC.swift */,
				053A0A0527A03D270035CB7E /* GroupAddVC.swift */,
				053A0A0A27A03D420035CB7E /* GroupDetailVC.swift */,
				053A0A1227A0476D0035CB7E /* GroupMainVC.swift */,
				052B537327B8FBF8004BEADE /* PersonAddVC.swift */,
				052B537D27B8FC1F004BEADE /* PersonDatailVC.swift */,
				058622F227B94A05000DFD2E /* GroupCellTableViewCell.swift */,
				057E751227C54E8100ABD15A /* PersonTableViewCell.swift */,
			);
			path = DutchMoney;
			sourceTree = "<group>";
		};
		059353E42795E9680021FFF6 /* DutchMoneyTests */ = {
			isa = PBXGroup;
			children = (
				059353E52795E9680021FFF6 /* DutchMoneyTests.swift */,
				059353E72795E9680021FFF6 /* Info.plist */,
			);
			path = DutchMoneyTests;
			sourceTree = "<group>";
		};
		059353EF2795E9680021FFF6 /* DutchMoneyUITests */ = {
			isa = PBXGroup;
			children = (
				059353F02795E9680021FFF6 /* DutchMoneyUITests.swift */,
				059353F22795E9680021FFF6 /* Info.plist */,
			);
			path = DutchMoneyUITests;
			sourceTree = "<group>";
		};
		506747A0D54DB7C5500C79E4 /* Frameworks */ = {
			isa = PBXGroup;
			children = (
				05BBB26527B4419800C809DE /* libsqlite3.tbd */,
				305D7D3228F789487E85531B /* Pods_DutchMoney.framework */,
				472471437ECFEEA03D3A3B60 /* Pods_DutchMoney_DutchMoneyUITests.framework */,
				5B6524BFB95B4DEB3E18CF16 /* Pods_DutchMoneyTests.framework */,
			);
			name = Frameworks;
			sourceTree = "<group>";
		};
		DC924A8D3E0F347F5321471F /* Pods */ = {
			isa = PBXGroup;
			children = (
				07BF1E37B1478B32BA95D659 /* Pods-DutchMoney.debug.xcconfig */,
				FC60FE7BFB5A0D46DA9A5E34 /* Pods-DutchMoney.release.xcconfig */,
				B6EA00044E46C6D577A634CE /* Pods-DutchMoney-DutchMoneyUITests.debug.xcconfig */,
				AA296528E2145A86BE8309A8 /* Pods-DutchMoney-DutchMoneyUITests.release.xcconfig */,
				EEC14224ABE7464DAFD8951F /* Pods-DutchMoneyTests.debug.xcconfig */,
				39D3A647C10EB9838C59A6BE /* Pods-DutchMoneyTests.release.xcconfig */,
			);
			path = Pods;
			sourceTree = "<group>";
		};
/* End PBXGroup section */

/* Begin PBXNativeTarget section */
		059353CA2795E95F0021FFF6 /* DutchMoney */ = {
			isa = PBXNativeTarget;
			buildConfigurationList = 059353F52795E9680021FFF6 /* Build configuration list for PBXNativeTarget "DutchMoney" */;
			buildPhases = (
				A5A69B961E4036D1C3A9C658 /* [CP] Check Pods Manifest.lock */,
				059353C72795E95F0021FFF6 /* Sources */,
				059353C82795E95F0021FFF6 /* Frameworks */,
				059353C92795E95F0021FFF6 /* Resources */,
				26589B69A4336329AB1005BE /* [CP] Embed Pods Frameworks */,
			);
			buildRules = (
			);
			dependencies = (
			);
			name = DutchMoney;
			productName = DutchMoney;
			productReference = 059353CB2795E95F0021FFF6 /* DutchMoney.app */;
			productType = "com.apple.product-type.application";
		};
		059353E02795E9680021FFF6 /* DutchMoneyTests */ = {
			isa = PBXNativeTarget;
			buildConfigurationList = 059353F82795E9680021FFF6 /* Build configuration list for PBXNativeTarget "DutchMoneyTests" */;
			buildPhases = (
				CFCFECCA4DB4FC4D70F52995 /* [CP] Check Pods Manifest.lock */,
				059353DD2795E9680021FFF6 /* Sources */,
				059353DE2795E9680021FFF6 /* Frameworks */,
				059353DF2795E9680021FFF6 /* Resources */,
			);
			buildRules = (
			);
			dependencies = (
				059353E32795E9680021FFF6 /* PBXTargetDependency */,
			);
			name = DutchMoneyTests;
			productName = DutchMoneyTests;
			productReference = 059353E12795E9680021FFF6 /* DutchMoneyTests.xctest */;
			productType = "com.apple.product-type.bundle.unit-test";
		};
		059353EB2795E9680021FFF6 /* DutchMoneyUITests */ = {
			isa = PBXNativeTarget;
			buildConfigurationList = 059353FB2795E9680021FFF6 /* Build configuration list for PBXNativeTarget "DutchMoneyUITests" */;
			buildPhases = (
				AC448FB1BBF4388EFB903AC1 /* [CP] Check Pods Manifest.lock */,
				059353E82795E9680021FFF6 /* Sources */,
				059353E92795E9680021FFF6 /* Frameworks */,
				059353EA2795E9680021FFF6 /* Resources */,
				213C5926572E5A08301B06D9 /* [CP] Embed Pods Frameworks */,
			);
			buildRules = (
			);
			dependencies = (
				059353EE2795E9680021FFF6 /* PBXTargetDependency */,
			);
			name = DutchMoneyUITests;
			productName = DutchMoneyUITests;
			productReference = 059353EC2795E9680021FFF6 /* DutchMoneyUITests.xctest */;
			productType = "com.apple.product-type.bundle.ui-testing";
		};
/* End PBXNativeTarget section */

/* Begin PBXProject section */
		059353C32795E95E0021FFF6 /* Project object */ = {
			isa = PBXProject;
			attributes = {
				LastSwiftUpdateCheck = 1220;
				LastUpgradeCheck = 1220;
				TargetAttributes = {
					059353CA2795E95F0021FFF6 = {
						CreatedOnToolsVersion = 12.2;
						LastSwiftMigration = 1220;
					};
					059353E02795E9680021FFF6 = {
						CreatedOnToolsVersion = 12.2;
						TestTargetID = 059353CA2795E95F0021FFF6;
					};
					059353EB2795E9680021FFF6 = {
						CreatedOnToolsVersion = 12.2;
						TestTargetID = 059353CA2795E95F0021FFF6;
					};
				};
			};
			buildConfigurationList = 059353C62795E95E0021FFF6 /* Build configuration list for PBXProject "DutchMoney" */;
			compatibilityVersion = "Xcode 9.3";
			developmentRegion = en;
			hasScannedForEncodings = 0;
			knownRegions = (
				en,
				Base,
			);
			mainGroup = 059353C22795E95E0021FFF6;
			productRefGroup = 059353CC2795E95F0021FFF6 /* Products */;
			projectDirPath = "";
			projectRoot = "";
			targets = (
				059353CA2795E95F0021FFF6 /* DutchMoney */,
				059353E02795E9680021FFF6 /* DutchMoneyTests */,
				059353EB2795E9680021FFF6 /* DutchMoneyUITests */,
			);
		};
/* End PBXProject section */

/* Begin PBXResourcesBuildPhase section */
		059353C92795E95F0021FFF6 /* Resources */ = {
			isa = PBXResourcesBuildPhase;
			buildActionMask = 2147483647;
			files = (
				059353DB2795E9680021FFF6 /* LaunchScreen.storyboard in Resources */,
				05A9E16F27BD729A00A27865 /* GoogleService-Info.plist in Resources */,
				059353D82795E9680021FFF6 /* Assets.xcassets in Resources */,
				059353D62795E95F0021FFF6 /* Main.storyboard in Resources */,
			);
			runOnlyForDeploymentPostprocessing = 0;
		};
		059353DF2795E9680021FFF6 /* Resources */ = {
			isa = PBXResourcesBuildPhase;
			buildActionMask = 2147483647;
			files = (
			);
			runOnlyForDeploymentPostprocessing = 0;
		};
		059353EA2795E9680021FFF6 /* Resources */ = {
			isa = PBXResourcesBuildPhase;
			buildActionMask = 2147483647;
			files = (
			);
			runOnlyForDeploymentPostprocessing = 0;
		};
/* End PBXResourcesBuildPhase section */

/* Begin PBXShellScriptBuildPhase section */
		213C5926572E5A08301B06D9 /* [CP] Embed Pods Frameworks */ = {
			isa = PBXShellScriptBuildPhase;
			buildActionMask = 2147483647;
			files = (
			);
			inputFileListPaths = (
				"${PODS_ROOT}/Target Support Files/Pods-DutchMoney-DutchMoneyUITests/Pods-DutchMoney-DutchMoneyUITests-frameworks-${CONFIGURATION}-input-files.xcfilelist",
			);
			name = "[CP] Embed Pods Frameworks";
			outputFileListPaths = (
				"${PODS_ROOT}/Target Support Files/Pods-DutchMoney-DutchMoneyUITests/Pods-DutchMoney-DutchMoneyUITests-frameworks-${CONFIGURATION}-output-files.xcfilelist",
			);
			runOnlyForDeploymentPostprocessing = 0;
			shellPath = /bin/sh;
			shellScript = "\"${PODS_ROOT}/Target Support Files/Pods-DutchMoney-DutchMoneyUITests/Pods-DutchMoney-DutchMoneyUITests-frameworks.sh\"\n";
			showEnvVarsInLog = 0;
		};
		26589B69A4336329AB1005BE /* [CP] Embed Pods Frameworks */ = {
			isa = PBXShellScriptBuildPhase;
			buildActionMask = 2147483647;
			files = (
			);
			inputFileListPaths = (
				"${PODS_ROOT}/Target Support Files/Pods-DutchMoney/Pods-DutchMoney-frameworks-${CONFIGURATION}-input-files.xcfilelist",
			);
			name = "[CP] Embed Pods Frameworks";
			outputFileListPaths = (
				"${PODS_ROOT}/Target Support Files/Pods-DutchMoney/Pods-DutchMoney-frameworks-${CONFIGURATION}-output-files.xcfilelist",
			);
			runOnlyForDeploymentPostprocessing = 0;
			shellPath = /bin/sh;
			shellScript = "\"${PODS_ROOT}/Target Support Files/Pods-DutchMoney/Pods-DutchMoney-frameworks.sh\"\n";
			showEnvVarsInLog = 0;
		};
		A5A69B961E4036D1C3A9C658 /* [CP] Check Pods Manifest.lock */ = {
			isa = PBXShellScriptBuildPhase;
			buildActionMask = 2147483647;
			files = (
			);
			inputFileListPaths = (
			);
			inputPaths = (
				"${PODS_PODFILE_DIR_PATH}/Podfile.lock",
				"${PODS_ROOT}/Manifest.lock",
			);
			name = "[CP] Check Pods Manifest.lock";
			outputFileListPaths = (
			);
			outputPaths = (
				"$(DERIVED_FILE_DIR)/Pods-DutchMoney-checkManifestLockResult.txt",
			);
			runOnlyForDeploymentPostprocessing = 0;
			shellPath = /bin/sh;
			shellScript = "diff \"${PODS_PODFILE_DIR_PATH}/Podfile.lock\" \"${PODS_ROOT}/Manifest.lock\" > /dev/null\nif [ $? != 0 ] ; then\n    # print error to STDERR\n    echo \"error: The sandbox is not in sync with the Podfile.lock. Run 'pod install' or update your CocoaPods installation.\" >&2\n    exit 1\nfi\n# This output is used by Xcode 'outputs' to avoid re-running this script phase.\necho \"SUCCESS\" > \"${SCRIPT_OUTPUT_FILE_0}\"\n";
			showEnvVarsInLog = 0;
		};
		AC448FB1BBF4388EFB903AC1 /* [CP] Check Pods Manifest.lock */ = {
			isa = PBXShellScriptBuildPhase;
			buildActionMask = 2147483647;
			files = (
			);
			inputFileListPaths = (
			);
			inputPaths = (
				"${PODS_PODFILE_DIR_PATH}/Podfile.lock",
				"${PODS_ROOT}/Manifest.lock",
			);
			name = "[CP] Check Pods Manifest.lock";
			outputFileListPaths = (
			);
			outputPaths = (
				"$(DERIVED_FILE_DIR)/Pods-DutchMoney-DutchMoneyUITests-checkManifestLockResult.txt",
			);
			runOnlyForDeploymentPostprocessing = 0;
			shellPath = /bin/sh;
			shellScript = "diff \"${PODS_PODFILE_DIR_PATH}/Podfile.lock\" \"${PODS_ROOT}/Manifest.lock\" > /dev/null\nif [ $? != 0 ] ; then\n    # print error to STDERR\n    echo \"error: The sandbox is not in sync with the Podfile.lock. Run 'pod install' or update your CocoaPods installation.\" >&2\n    exit 1\nfi\n# This output is used by Xcode 'outputs' to avoid re-running this script phase.\necho \"SUCCESS\" > \"${SCRIPT_OUTPUT_FILE_0}\"\n";
			showEnvVarsInLog = 0;
		};
		CFCFECCA4DB4FC4D70F52995 /* [CP] Check Pods Manifest.lock */ = {
			isa = PBXShellScriptBuildPhase;
			buildActionMask = 2147483647;
			files = (
			);
			inputFileListPaths = (
			);
			inputPaths = (
				"${PODS_PODFILE_DIR_PATH}/Podfile.lock",
				"${PODS_ROOT}/Manifest.lock",
			);
			name = "[CP] Check Pods Manifest.lock";
			outputFileListPaths = (
			);
			outputPaths = (
				"$(DERIVED_FILE_DIR)/Pods-DutchMoneyTests-checkManifestLockResult.txt",
			);
			runOnlyForDeploymentPostprocessing = 0;
			shellPath = /bin/sh;
			shellScript = "diff \"${PODS_PODFILE_DIR_PATH}/Podfile.lock\" \"${PODS_ROOT}/Manifest.lock\" > /dev/null\nif [ $? != 0 ] ; then\n    # print error to STDERR\n    echo \"error: The sandbox is not in sync with the Podfile.lock. Run 'pod install' or update your CocoaPods installation.\" >&2\n    exit 1\nfi\n# This output is used by Xcode 'outputs' to avoid re-running this script phase.\necho \"SUCCESS\" > \"${SCRIPT_OUTPUT_FILE_0}\"\n";
			showEnvVarsInLog = 0;
		};
/* End PBXShellScriptBuildPhase section */

/* Begin PBXSourcesBuildPhase section */
		059353C72795E95F0021FFF6 /* Sources */ = {
			isa = PBXSourcesBuildPhase;
			buildActionMask = 2147483647;
			files = (
				053A0A0B27A03D420035CB7E /* GroupDetailVC.swift in Sources */,
				05BBB27627B4422B00C809DE /* FMDatabaseQueue.m in Sources */,
				053D68DD2799ACDA004F2EE0 /* registVC.swift in Sources */,
				05BBB27827B4422B00C809DE /* FMDatabase.m in Sources */,
				059353D32795E95F0021FFF6 /* ViewController.swift in Sources */,
				058622F327B94A05000DFD2E /* GroupCellTableViewCell.swift in Sources */,
				05BBB27927B4422B00C809DE /* FMDatabasePool.m in Sources */,
				05BBB27A27B4422B00C809DE /* FMResultSet.m in Sources */,
				059353CF2795E95F0021FFF6 /* AppDelegate.swift in Sources */,
				05BBB27727B4422B00C809DE /* FMDatabaseAdditions.m in Sources */,
				053A0A0627A03D270035CB7E /* GroupAddVC.swift in Sources */,
				052B537427B8FBF8004BEADE /* PersonAddVC.swift in Sources */,
				053A0A1327A0476D0035CB7E /* GroupMainVC.swift in Sources */,
				052B537E27B8FC1F004BEADE /* PersonDatailVC.swift in Sources */,
				057E751327C54E8100ABD15A /* PersonTableViewCell.swift in Sources */,
				059353D12795E95F0021FFF6 /* SceneDelegate.swift in Sources */,
			);
			runOnlyForDeploymentPostprocessing = 0;
		};
		059353DD2795E9680021FFF6 /* Sources */ = {
			isa = PBXSourcesBuildPhase;
			buildActionMask = 2147483647;
			files = (
				059353E62795E9680021FFF6 /* DutchMoneyTests.swift in Sources */,
			);
			runOnlyForDeploymentPostprocessing = 0;
		};
		059353E82795E9680021FFF6 /* Sources */ = {
			isa = PBXSourcesBuildPhase;
			buildActionMask = 2147483647;
			files = (
				059353F12795E9680021FFF6 /* DutchMoneyUITests.swift in Sources */,
			);
			runOnlyForDeploymentPostprocessing = 0;
		};
/* End PBXSourcesBuildPhase section */

/* Begin PBXTargetDependency section */
		059353E32795E9680021FFF6 /* PBXTargetDependency */ = {
			isa = PBXTargetDependency;
			target = 059353CA2795E95F0021FFF6 /* DutchMoney */;
			targetProxy = 059353E22795E9680021FFF6 /* PBXContainerItemProxy */;
		};
		059353EE2795E9680021FFF6 /* PBXTargetDependency */ = {
			isa = PBXTargetDependency;
			target = 059353CA2795E95F0021FFF6 /* DutchMoney */;
			targetProxy = 059353ED2795E9680021FFF6 /* PBXContainerItemProxy */;
		};
/* End PBXTargetDependency section */

/* Begin PBXVariantGroup section */
		059353D42795E95F0021FFF6 /* Main.storyboard */ = {
			isa = PBXVariantGroup;
			children = (
				059353D52795E95F0021FFF6 /* Base */,
			);
			name = Main.storyboard;
			sourceTree = "<group>";
		};
		059353D92795E9680021FFF6 /* LaunchScreen.storyboard */ = {
			isa = PBXVariantGroup;
			children = (
				059353DA2795E9680021FFF6 /* Base */,
			);
			name = LaunchScreen.storyboard;
			sourceTree = "<group>";
		};
/* End PBXVariantGroup section */

/* Begin XCBuildConfiguration section */
		059353F32795E9680021FFF6 /* Debug */ = {
			isa = XCBuildConfiguration;
			buildSettings = {
				ALWAYS_SEARCH_USER_PATHS = NO;
				CLANG_ANALYZER_NONNULL = YES;
				CLANG_ANALYZER_NUMBER_OBJECT_CONVERSION = YES_AGGRESSIVE;
				CLANG_CXX_LANGUAGE_STANDARD = "gnu++14";
				CLANG_CXX_LIBRARY = "libc++";
				CLANG_ENABLE_MODULES = YES;
				CLANG_ENABLE_OBJC_ARC = YES;
				CLANG_ENABLE_OBJC_WEAK = YES;
				CLANG_WARN_BLOCK_CAPTURE_AUTORELEASING = YES;
				CLANG_WARN_BOOL_CONVERSION = YES;
				CLANG_WARN_COMMA = YES;
				CLANG_WARN_CONSTANT_CONVERSION = YES;
				CLANG_WARN_DEPRECATED_OBJC_IMPLEMENTATIONS = YES;
				CLANG_WARN_DIRECT_OBJC_ISA_USAGE = YES_ERROR;
				CLANG_WARN_DOCUMENTATION_COMMENTS = YES;
				CLANG_WARN_EMPTY_BODY = YES;
				CLANG_WARN_ENUM_CONVERSION = YES;
				CLANG_WARN_INFINITE_RECURSION = YES;
				CLANG_WARN_INT_CONVERSION = YES;
				CLANG_WARN_NON_LITERAL_NULL_CONVERSION = YES;
				CLANG_WARN_OBJC_IMPLICIT_RETAIN_SELF = YES;
				CLANG_WARN_OBJC_LITERAL_CONVERSION = YES;
				CLANG_WARN_OBJC_ROOT_CLASS = YES_ERROR;
				CLANG_WARN_QUOTED_INCLUDE_IN_FRAMEWORK_HEADER = YES;
				CLANG_WARN_RANGE_LOOP_ANALYSIS = YES;
				CLANG_WARN_STRICT_PROTOTYPES = YES;
				CLANG_WARN_SUSPICIOUS_MOVE = YES;
				CLANG_WARN_UNGUARDED_AVAILABILITY = YES_AGGRESSIVE;
				CLANG_WARN_UNREACHABLE_CODE = YES;
				CLANG_WARN__DUPLICATE_METHOD_MATCH = YES;
				COPY_PHASE_STRIP = NO;
				DEBUG_INFORMATION_FORMAT = dwarf;
				ENABLE_STRICT_OBJC_MSGSEND = YES;
				ENABLE_TESTABILITY = YES;
				GCC_C_LANGUAGE_STANDARD = gnu11;
				GCC_DYNAMIC_NO_PIC = NO;
				GCC_NO_COMMON_BLOCKS = YES;
				GCC_OPTIMIZATION_LEVEL = 0;
				GCC_PREPROCESSOR_DEFINITIONS = (
					"DEBUG=1",
					"$(inherited)",
				);
				GCC_WARN_64_TO_32_BIT_CONVERSION = YES;
				GCC_WARN_ABOUT_RETURN_TYPE = YES_ERROR;
				GCC_WARN_UNDECLARED_SELECTOR = YES;
				GCC_WARN_UNINITIALIZED_AUTOS = YES_AGGRESSIVE;
				GCC_WARN_UNUSED_FUNCTION = YES;
				GCC_WARN_UNUSED_VARIABLE = YES;
				IPHONEOS_DEPLOYMENT_TARGET = 14.2;
				MTL_ENABLE_DEBUG_INFO = INCLUDE_SOURCE;
				MTL_FAST_MATH = YES;
				ONLY_ACTIVE_ARCH = YES;
				SDKROOT = iphoneos;
				SWIFT_ACTIVE_COMPILATION_CONDITIONS = DEBUG;
				SWIFT_OPTIMIZATION_LEVEL = "-Onone";
			};
			name = Debug;
		};
		059353F42795E9680021FFF6 /* Release */ = {
			isa = XCBuildConfiguration;
			buildSettings = {
				ALWAYS_SEARCH_USER_PATHS = NO;
				CLANG_ANALYZER_NONNULL = YES;
				CLANG_ANALYZER_NUMBER_OBJECT_CONVERSION = YES_AGGRESSIVE;
				CLANG_CXX_LANGUAGE_STANDARD = "gnu++14";
				CLANG_CXX_LIBRARY = "libc++";
				CLANG_ENABLE_MODULES = YES;
				CLANG_ENABLE_OBJC_ARC = YES;
				CLANG_ENABLE_OBJC_WEAK = YES;
				CLANG_WARN_BLOCK_CAPTURE_AUTORELEASING = YES;
				CLANG_WARN_BOOL_CONVERSION = YES;
				CLANG_WARN_COMMA = YES;
				CLANG_WARN_CONSTANT_CONVERSION = YES;
				CLANG_WARN_DEPRECATED_OBJC_IMPLEMENTATIONS = YES;
				CLANG_WARN_DIRECT_OBJC_ISA_USAGE = YES_ERROR;
				CLANG_WARN_DOCUMENTATION_COMMENTS = YES;
				CLANG_WARN_EMPTY_BODY = YES;
				CLANG_WARN_ENUM_CONVERSION = YES;
				CLANG_WARN_INFINITE_RECURSION = YES;
				CLANG_WARN_INT_CONVERSION = YES;
				CLANG_WARN_NON_LITERAL_NULL_CONVERSION = YES;
				CLANG_WARN_OBJC_IMPLICIT_RETAIN_SELF = YES;
				CLANG_WARN_OBJC_LITERAL_CONVERSION = YES;
				CLANG_WARN_OBJC_ROOT_CLASS = YES_ERROR;
				CLANG_WARN_QUOTED_INCLUDE_IN_FRAMEWORK_HEADER = YES;
				CLANG_WARN_RANGE_LOOP_ANALYSIS = YES;
				CLANG_WARN_STRICT_PROTOTYPES = YES;
				CLANG_WARN_SUSPICIOUS_MOVE = YES;
				CLANG_WARN_UNGUARDED_AVAILABILITY = YES_AGGRESSIVE;
				CLANG_WARN_UNREACHABLE_CODE = YES;
				CLANG_WARN__DUPLICATE_METHOD_MATCH = YES;
				COPY_PHASE_STRIP = NO;
				DEBUG_INFORMATION_FORMAT = "dwarf-with-dsym";
				ENABLE_NS_ASSERTIONS = NO;
				ENABLE_STRICT_OBJC_MSGSEND = YES;
				GCC_C_LANGUAGE_STANDARD = gnu11;
				GCC_NO_COMMON_BLOCKS = YES;
				GCC_WARN_64_TO_32_BIT_CONVERSION = YES;
				GCC_WARN_ABOUT_RETURN_TYPE = YES_ERROR;
				GCC_WARN_UNDECLARED_SELECTOR = YES;
				GCC_WARN_UNINITIALIZED_AUTOS = YES_AGGRESSIVE;
				GCC_WARN_UNUSED_FUNCTION = YES;
				GCC_WARN_UNUSED_VARIABLE = YES;
				IPHONEOS_DEPLOYMENT_TARGET = 14.2;
				MTL_ENABLE_DEBUG_INFO = NO;
				MTL_FAST_MATH = YES;
				SDKROOT = iphoneos;
				SWIFT_COMPILATION_MODE = wholemodule;
				SWIFT_OPTIMIZATION_LEVEL = "-O";
				VALIDATE_PRODUCT = YES;
			};
			name = Release;
		};
		059353F62795E9680021FFF6 /* Debug */ = {
			isa = XCBuildConfiguration;
			baseConfigurationReference = 07BF1E37B1478B32BA95D659 /* Pods-DutchMoney.debug.xcconfig */;
			buildSettings = {
				ASSETCATALOG_COMPILER_APPICON_NAME = AppIcon;
				ASSETCATALOG_COMPILER_GLOBAL_ACCENT_COLOR_NAME = AccentColor;
				CLANG_ENABLE_MODULES = YES;
				CODE_SIGN_STYLE = Automatic;
				INFOPLIST_FILE = DutchMoney/Info.plist;
				LD_RUNPATH_SEARCH_PATHS = (
					"$(inherited)",
					"@executable_path/Frameworks",
				);
				PRODUCT_BUNDLE_IDENTIFIER = com.DutchMoney.list;
				PRODUCT_NAME = "$(TARGET_NAME)";
				SWIFT_OBJC_BRIDGING_HEADER = "DutchMoney-Bridging-Header.h";
				SWIFT_OPTIMIZATION_LEVEL = "-Onone";
				SWIFT_VERSION = 5.0;
				TARGETED_DEVICE_FAMILY = "1,2";
			};
			name = Debug;
		};
		059353F72795E9680021FFF6 /* Release */ = {
			isa = XCBuildConfiguration;
			baseConfigurationReference = FC60FE7BFB5A0D46DA9A5E34 /* Pods-DutchMoney.release.xcconfig */;
			buildSettings = {
				ASSETCATALOG_COMPILER_APPICON_NAME = AppIcon;
				ASSETCATALOG_COMPILER_GLOBAL_ACCENT_COLOR_NAME = AccentColor;
				CLANG_ENABLE_MODULES = YES;
				CODE_SIGN_STYLE = Automatic;
				INFOPLIST_FILE = DutchMoney/Info.plist;
				LD_RUNPATH_SEARCH_PATHS = (
					"$(inherited)",
					"@executable_path/Frameworks",
				);
				PRODUCT_BUNDLE_IDENTIFIER = com.DutchMoney.list;
				PRODUCT_NAME = "$(TARGET_NAME)";
				SWIFT_OBJC_BRIDGING_HEADER = "DutchMoney-Bridging-Header.h";
				SWIFT_VERSION = 5.0;
				TARGETED_DEVICE_FAMILY = "1,2";
			};
			name = Release;
		};
		059353F92795E9680021FFF6 /* Debug */ = {
			isa = XCBuildConfiguration;
			baseConfigurationReference = EEC14224ABE7464DAFD8951F /* Pods-DutchMoneyTests.debug.xcconfig */;
			buildSettings = {
				ALWAYS_EMBED_SWIFT_STANDARD_LIBRARIES = YES;
				BUNDLE_LOADER = "$(TEST_HOST)";
				CODE_SIGN_STYLE = Automatic;
				INFOPLIST_FILE = DutchMoneyTests/Info.plist;
				IPHONEOS_DEPLOYMENT_TARGET = 14.2;
				LD_RUNPATH_SEARCH_PATHS = (
					"$(inherited)",
					"@executable_path/Frameworks",
					"@loader_path/Frameworks",
				);
				PRODUCT_BUNDLE_IDENTIFIER = Sarah.DutchMoneyTests;
				PRODUCT_NAME = "$(TARGET_NAME)";
				SWIFT_VERSION = 5.0;
				TARGETED_DEVICE_FAMILY = "1,2";
				TEST_HOST = "$(BUILT_PRODUCTS_DIR)/DutchMoney.app/DutchMoney";
			};
			name = Debug;
		};
		059353FA2795E9680021FFF6 /* Release */ = {
			isa = XCBuildConfiguration;
			baseConfigurationReference = 39D3A647C10EB9838C59A6BE /* Pods-DutchMoneyTests.release.xcconfig */;
			buildSettings = {
				ALWAYS_EMBED_SWIFT_STANDARD_LIBRARIES = YES;
				BUNDLE_LOADER = "$(TEST_HOST)";
				CODE_SIGN_STYLE = Automatic;
				INFOPLIST_FILE = DutchMoneyTests/Info.plist;
				IPHONEOS_DEPLOYMENT_TARGET = 14.2;
				LD_RUNPATH_SEARCH_PATHS = (
					"$(inherited)",
					"@executable_path/Frameworks",
					"@loader_path/Frameworks",
				);
				PRODUCT_BUNDLE_IDENTIFIER = Sarah.DutchMoneyTests;
				PRODUCT_NAME = "$(TARGET_NAME)";
				SWIFT_VERSION = 5.0;
				TARGETED_DEVICE_FAMILY = "1,2";
				TEST_HOST = "$(BUILT_PRODUCTS_DIR)/DutchMoney.app/DutchMoney";
			};
			name = Release;
		};
		059353FC2795E9680021FFF6 /* Debug */ = {
			isa = XCBuildConfiguration;
			baseConfigurationReference = B6EA00044E46C6D577A634CE /* Pods-DutchMoney-DutchMoneyUITests.debug.xcconfig */;
			buildSettings = {
				ALWAYS_EMBED_SWIFT_STANDARD_LIBRARIES = YES;
				CODE_SIGN_STYLE = Automatic;
				INFOPLIST_FILE = DutchMoneyUITests/Info.plist;
				LD_RUNPATH_SEARCH_PATHS = (
					"$(inherited)",
					"@executable_path/Frameworks",
					"@loader_path/Frameworks",
				);
				PRODUCT_BUNDLE_IDENTIFIER = Sarah.DutchMoneyUITests;
				PRODUCT_NAME = "$(TARGET_NAME)";
				SWIFT_VERSION = 5.0;
				TARGETED_DEVICE_FAMILY = "1,2";
				TEST_TARGET_NAME = DutchMoney;
			};
			name = Debug;
		};
		059353FD2795E9680021FFF6 /* Release */ = {
			isa = XCBuildConfiguration;
			baseConfigurationReference = AA296528E2145A86BE8309A8 /* Pods-DutchMoney-DutchMoneyUITests.release.xcconfig */;
			buildSettings = {
				ALWAYS_EMBED_SWIFT_STANDARD_LIBRARIES = YES;
				CODE_SIGN_STYLE = Automatic;
				INFOPLIST_FILE = DutchMoneyUITests/Info.plist;
				LD_RUNPATH_SEARCH_PATHS = (
					"$(inherited)",
					"@executable_path/Frameworks",
					"@loader_path/Frameworks",
				);
				PRODUCT_BUNDLE_IDENTIFIER = Sarah.DutchMoneyUITests;
				PRODUCT_NAME = "$(TARGET_NAME)";
				SWIFT_VERSION = 5.0;
				TARGETED_DEVICE_FAMILY = "1,2";
				TEST_TARGET_NAME = DutchMoney;
			};
			name = Release;
		};
/* End XCBuildConfiguration section */

/* Begin XCConfigurationList section */
		059353C62795E95E0021FFF6 /* Build configuration list for PBXProject "DutchMoney" */ = {
			isa = XCConfigurationList;
			buildConfigurations = (
				059353F32795E9680021FFF6 /* Debug */,
				059353F42795E9680021FFF6 /* Release */,
			);
			defaultConfigurationIsVisible = 0;
			defaultConfigurationName = Release;
		};
		059353F52795E9680021FFF6 /* Build configuration list for PBXNativeTarget "DutchMoney" */ = {
			isa = XCConfigurationList;
			buildConfigurations = (
				059353F62795E9680021FFF6 /* Debug */,
				059353F72795E9680021FFF6 /* Release */,
			);
			defaultConfigurationIsVisible = 0;
			defaultConfigurationName = Release;
		};
		059353F82795E9680021FFF6 /* Build configuration list for PBXNativeTarget "DutchMoneyTests" */ = {
			isa = XCConfigurationList;
			buildConfigurations = (
				059353F92795E9680021FFF6 /* Debug */,
				059353FA2795E9680021FFF6 /* Release */,
			);
			defaultConfigurationIsVisible = 0;
			defaultConfigurationName = Release;
		};
		059353FB2795E9680021FFF6 /* Build configuration list for PBXNativeTarget "DutchMoneyUITests" */ = {
			isa = XCConfigurationList;
			buildConfigurations = (
				059353FC2795E9680021FFF6 /* Debug */,
				059353FD2795E9680021FFF6 /* Release */,
			);
			defaultConfigurationIsVisible = 0;
			defaultConfigurationName = Release;
		};
/* End XCConfigurationList section */
	};
	rootObject = 059353C32795E95E0021FFF6 /* Project object */;
}
